
Microsoft Visual Studio Solution File, Format Version 12.00
# Visual Studio 15
VisualStudioVersion = 15.0.28307.421
MinimumVisualStudioVersion = 10.0.40219.1
Project("{A0786B88-2ADB-4C21-ABE8-AA2D79766269}") = "skuska1", "skuska1.phpproj", "{90A05697-B500-4944-81A1-C7B5F7E11C9B}"
EndProject
Global
	GlobalSection(SolutionConfigurationPlatforms) = preSolution
		Debug|Any CPU = Debug|Any CPU
		Release|Any CPU = Release|Any CPU
	EndGlobalSection
	GlobalSection(ProjectConfigurationPlatforms) = postSolution
		{90A05697-B500-4944-81A1-C7B5F7E11C9B}.Debug|Any CPU.ActiveCfg = Debug|Any CPU
		{90A05697-B500-4944-81A1-C7B5F7E11C9B}.Release|Any CPU.ActiveCfg = Release|Any CPU
	EndGlobalSection
	GlobalSection(SolutionProperties) = preSolution
		HideSolutionNode = FALSE
	EndGlobalSection
	GlobalSection(ExtensibilityGlobals) = postSolution
		SolutionGuid = {B2046F4C-2592-420C-89D3-39BD79F11A8F}
	EndGlobalSection
EndGlobal
